
Microsoft Visual Studio Solution File, Format Version 12.00
# Visual Studio Version 16
VisualStudioVersion = 16.0.30907.101
MinimumVisualStudioVersion = 10.0.40219.1
Project("{FAE04EC0-301F-11D3-BF4B-00C04F79EFBC}") = "LanchesMac", "LanchesMac\LanchesMac.csproj", "{D9204030-744F-4905-93C6-045C3235DCDB}"
EndProject
Global
	GlobalSection(SolutionConfigurationPlatforms) = preSolution
		Debug|Any CPU = Debug|Any CPU
		Release|Any CPU = Release|Any CPU
	EndGlobalSection
	GlobalSection(ProjectConfigurationPlatforms) = postSolution
		{D9204030-744F-4905-93C6-045C3235DCDB}.Debug|Any CPU.ActiveCfg = Debug|Any CPU
		{D9204030-744F-4905-93C6-045C3235DCDB}.Debug|Any CPU.Build.0 = Debug|Any CPU
		{D9204030-744F-4905-93C6-045C3235DCDB}.Release|Any CPU.ActiveCfg = Release|Any CPU
		{D9204030-744F-4905-93C6-045C3235DCDB}.Release|Any CPU.Build.0 = Release|Any CPU
	EndGlobalSection
	GlobalSection(SolutionProperties) = preSolution
		HideSolutionNode = FALSE
	EndGlobalSection
	GlobalSection(ExtensibilityGlobals) = postSolution
		SolutionGuid = {B8FF553E-0525-4C51-9108-66017636A490}
	EndGlobalSection
EndGlobal
